
Microsoft Visual Studio Solution File, Format Version 12.00
# Visual Studio Version 17
VisualStudioVersion = 17.13.35818.85 d17.13
MinimumVisualStudioVersion = 10.0.40219.1
Project("{FAE04EC0-301F-11D3-BF4B-00C04F79EFBC}") = "Taller_TIC1_Backend", "Taller_TIC1_Backend.csproj", "{1C707272-B084-4542-84C8-DA30415844D4}"
EndProject
Global
	GlobalSection(SolutionConfigurationPlatforms) = preSolution
		Debug|Any CPU = Debug|Any CPU
		Release|Any CPU = Release|Any CPU
	EndGlobalSection
	GlobalSection(ProjectConfigurationPlatforms) = postSolution
		{1C707272-B084-4542-84C8-DA30415844D4}.Debug|Any CPU.ActiveCfg = Debug|Any CPU
		{1C707272-B084-4542-84C8-DA30415844D4}.Debug|Any CPU.Build.0 = Debug|Any CPU
		{1C707272-B084-4542-84C8-DA30415844D4}.Release|Any CPU.ActiveCfg = Release|Any CPU
		{1C707272-B084-4542-84C8-DA30415844D4}.Release|Any CPU.Build.0 = Release|Any CPU
	EndGlobalSection
	GlobalSection(SolutionProperties) = preSolution
		HideSolutionNode = FALSE
	EndGlobalSection
	GlobalSection(ExtensibilityGlobals) = postSolution
		SolutionGuid = {0E425B4F-F68D-4657-9965-CD99CC236C24}
	EndGlobalSection
EndGlobal
